
Microsoft Visual Studio Solution File, Format Version 12.00
# Visual Studio Version 17
VisualStudioVersion = 17.1.32414.318
MinimumVisualStudioVersion = 10.0.40219.1
Project("{9A19103F-16F7-4668-BE54-9A1E7A4F7556}") = "Practice 3", "Cycles\Practice 3.csproj", "{6E338E48-85DB-4C4E-8651-1D60F699711A}"
EndProject
Project("{9A19103F-16F7-4668-BE54-9A1E7A4F7556}") = "Practice 4", "Array\Practice 4.csproj", "{2E9F5973-FCB1-458F-9FCA-12E663EEE890}"
EndProject
Project("{9A19103F-16F7-4668-BE54-9A1E7A4F7556}") = "Practice 5", "Methods\Practice 5.csproj", "{084003D2-B263-4014-AD9E-3783F2D455BB}"
EndProject
Project("{9A19103F-16F7-4668-BE54-9A1E7A4F7556}") = "Games", "Games\Games.csproj", "{2F0729EF-C0D8-4807-8524-70BDE0FEABB4}"
EndProject
Project("{9A19103F-16F7-4668-BE54-9A1E7A4F7556}") = "Practice 6", "Practice 6\Practice 6.csproj", "{96AAE06C-7472-4229-BB80-EC20E6054B68}"
EndProject
Project("{FAE04EC0-301F-11D3-BF4B-00C04F79EFBC}") = "Practice 7", "Practice 7\Practice 7.csproj", "{931BC33E-57E6-45AA-BEDD-FCA0045398C8}"
EndProject
Project("{FAE04EC0-301F-11D3-BF4B-00C04F79EFBC}") = "Practice 8", "Practice 8\Practice 8.csproj", "{04129087-05F6-4583-8294-E99877A3CFDE}"
EndProject
Global
	GlobalSection(SolutionConfigurationPlatforms) = preSolution
		Debug|Any CPU = Debug|Any CPU
		Release|Any CPU = Release|Any CPU
	EndGlobalSection
	GlobalSection(ProjectConfigurationPlatforms) = postSolution
		{6E338E48-85DB-4C4E-8651-1D60F699711A}.Debug|Any CPU.ActiveCfg = Debug|Any CPU
		{6E338E48-85DB-4C4E-8651-1D60F699711A}.Debug|Any CPU.Build.0 = Debug|Any CPU
		{6E338E48-85DB-4C4E-8651-1D60F699711A}.Release|Any CPU.ActiveCfg = Release|Any CPU
		{6E338E48-85DB-4C4E-8651-1D60F699711A}.Release|Any CPU.Build.0 = Release|Any CPU
		{2E9F5973-FCB1-458F-9FCA-12E663EEE890}.Debug|Any CPU.ActiveCfg = Debug|Any CPU
		{2E9F5973-FCB1-458F-9FCA-12E663EEE890}.Debug|Any CPU.Build.0 = Debug|Any CPU
		{2E9F5973-FCB1-458F-9FCA-12E663EEE890}.Release|Any CPU.ActiveCfg = Release|Any CPU
		{2E9F5973-FCB1-458F-9FCA-12E663EEE890}.Release|Any CPU.Build.0 = Release|Any CPU
		{084003D2-B263-4014-AD9E-3783F2D455BB}.Debug|Any CPU.ActiveCfg = Debug|Any CPU
		{084003D2-B263-4014-AD9E-3783F2D455BB}.Debug|Any CPU.Build.0 = Debug|Any CPU
		{084003D2-B263-4014-AD9E-3783F2D455BB}.Release|Any CPU.ActiveCfg = Release|Any CPU
		{084003D2-B263-4014-AD9E-3783F2D455BB}.Release|Any CPU.Build.0 = Release|Any CPU
		{2F0729EF-C0D8-4807-8524-70BDE0FEABB4}.Debug|Any CPU.ActiveCfg = Debug|Any CPU
		{2F0729EF-C0D8-4807-8524-70BDE0FEABB4}.Debug|Any CPU.Build.0 = Debug|Any CPU
		{2F0729EF-C0D8-4807-8524-70BDE0FEABB4}.Release|Any CPU.ActiveCfg = Release|Any CPU
		{2F0729EF-C0D8-4807-8524-70BDE0FEABB4}.Release|Any CPU.Build.0 = Release|Any CPU
		{96AAE06C-7472-4229-BB80-EC20E6054B68}.Debug|Any CPU.ActiveCfg = Debug|Any CPU
		{96AAE06C-7472-4229-BB80-EC20E6054B68}.Debug|Any CPU.Build.0 = Debug|Any CPU
		{96AAE06C-7472-4229-BB80-EC20E6054B68}.Release|Any CPU.ActiveCfg = Release|Any CPU
		{96AAE06C-7472-4229-BB80-EC20E6054B68}.Release|Any CPU.Build.0 = Release|Any CPU
		{931BC33E-57E6-45AA-BEDD-FCA0045398C8}.Debug|Any CPU.ActiveCfg = Debug|Any CPU
		{931BC33E-57E6-45AA-BEDD-FCA0045398C8}.Debug|Any CPU.Build.0 = Debug|Any CPU
		{931BC33E-57E6-45AA-BEDD-FCA0045398C8}.Release|Any CPU.ActiveCfg = Release|Any CPU
		{931BC33E-57E6-45AA-BEDD-FCA0045398C8}.Release|Any CPU.Build.0 = Release|Any CPU
		{04129087-05F6-4583-8294-E99877A3CFDE}.Debug|Any CPU.ActiveCfg = Debug|Any CPU
		{04129087-05F6-4583-8294-E99877A3CFDE}.Debug|Any CPU.Build.0 = Debug|Any CPU
		{04129087-05F6-4583-8294-E99877A3CFDE}.Release|Any CPU.ActiveCfg = Release|Any CPU
		{04129087-05F6-4583-8294-E99877A3CFDE}.Release|Any CPU.Build.0 = Release|Any CPU
	EndGlobalSection
	GlobalSection(SolutionProperties) = preSolution
		HideSolutionNode = FALSE
	EndGlobalSection
	GlobalSection(ExtensibilityGlobals) = postSolution
		SolutionGuid = {6FF7A596-D1E5-4639-A948-766FAD94585C}
	EndGlobalSection
EndGlobal
